
Microsoft Visual Studio Solution File, Format Version 12.00
# Visual Studio Version 16
VisualStudioVersion = 16.0.29709.97
MinimumVisualStudioVersion = 10.0.40219.1
Project("{FAE04EC0-301F-11D3-BF4B-00C04F79EFBC}") = "OIB", "OIB\OIB.csproj", "{57BB613D-7B65-478F-86CB-C526C6D489BF}"
EndProject
Global
	GlobalSection(SolutionConfigurationPlatforms) = preSolution
		Debug|Any CPU = Debug|Any CPU
		Release|Any CPU = Release|Any CPU
	EndGlobalSection
	GlobalSection(ProjectConfigurationPlatforms) = postSolution
		{57BB613D-7B65-478F-86CB-C526C6D489BF}.Debug|Any CPU.ActiveCfg = Debug|Any CPU
		{57BB613D-7B65-478F-86CB-C526C6D489BF}.Debug|Any CPU.Build.0 = Debug|Any CPU
		{57BB613D-7B65-478F-86CB-C526C6D489BF}.Release|Any CPU.ActiveCfg = Release|Any CPU
		{57BB613D-7B65-478F-86CB-C526C6D489BF}.Release|Any CPU.Build.0 = Release|Any CPU
	EndGlobalSection
	GlobalSection(SolutionProperties) = preSolution
		HideSolutionNode = FALSE
	EndGlobalSection
	GlobalSection(ExtensibilityGlobals) = postSolution
		SolutionGuid = {F4850D5E-2CF1-4B1C-A887-C2D32D9C25BB}
	EndGlobalSection
EndGlobal
